
Microsoft Visual Studio Solution File, Format Version 12.00
# Visual Studio Version 17
VisualStudioVersion = 17.4.33122.133
MinimumVisualStudioVersion = 10.0.40219.1
Project("{FAE04EC0-301F-11D3-BF4B-00C04F79EFBC}") = "backend-game-of-drones", "backend-game-of-drones\backend-game-of-drones.csproj", "{C82070C8-2B43-4E53-A80D-DCF544AB3E74}"
EndProject
Global
	GlobalSection(SolutionConfigurationPlatforms) = preSolution
		Debug|Any CPU = Debug|Any CPU
		Release|Any CPU = Release|Any CPU
	EndGlobalSection
	GlobalSection(ProjectConfigurationPlatforms) = postSolution
		{C82070C8-2B43-4E53-A80D-DCF544AB3E74}.Debug|Any CPU.ActiveCfg = Debug|Any CPU
		{C82070C8-2B43-4E53-A80D-DCF544AB3E74}.Debug|Any CPU.Build.0 = Debug|Any CPU
		{C82070C8-2B43-4E53-A80D-DCF544AB3E74}.Release|Any CPU.ActiveCfg = Release|Any CPU
		{C82070C8-2B43-4E53-A80D-DCF544AB3E74}.Release|Any CPU.Build.0 = Release|Any CPU
	EndGlobalSection
	GlobalSection(SolutionProperties) = preSolution
		HideSolutionNode = FALSE
	EndGlobalSection
	GlobalSection(ExtensibilityGlobals) = postSolution
		SolutionGuid = {C862CC19-D267-46FE-B019-F5E395317808}
	EndGlobalSection
EndGlobal
